
Microsoft Visual Studio Solution File, Format Version 12.00
# Visual Studio Version 16
VisualStudioVersion = 16.0.30128.74
MinimumVisualStudioVersion = 10.0.40219.1
Project("{FAE04EC0-301F-11D3-BF4B-00C04F79EFBC}") = "WindowsFormsApp1", "WindowsFormsApp1\WindowsFormsApp1.csproj", "{51CB8600-1A81-4905-8048-F35484A5DEF0}"
EndProject
Global
	GlobalSection(SolutionConfigurationPlatforms) = preSolution
		Debug|Any CPU = Debug|Any CPU
		Release|Any CPU = Release|Any CPU
	EndGlobalSection
	GlobalSection(ProjectConfigurationPlatforms) = postSolution
		{51CB8600-1A81-4905-8048-F35484A5DEF0}.Debug|Any CPU.ActiveCfg = Debug|Any CPU
		{51CB8600-1A81-4905-8048-F35484A5DEF0}.Debug|Any CPU.Build.0 = Debug|Any CPU
		{51CB8600-1A81-4905-8048-F35484A5DEF0}.Release|Any CPU.ActiveCfg = Release|Any CPU
		{51CB8600-1A81-4905-8048-F35484A5DEF0}.Release|Any CPU.Build.0 = Release|Any CPU
	EndGlobalSection
	GlobalSection(SolutionProperties) = preSolution
		HideSolutionNode = FALSE
	EndGlobalSection
	GlobalSection(ExtensibilityGlobals) = postSolution
		SolutionGuid = {053599C3-CE0C-41C8-8D1D-B7F0760AE07E}
	EndGlobalSection
EndGlobal
